
Microsoft Visual Studio Solution File, Format Version 12.00
# Visual Studio Version 16
VisualStudioVersion = 16.0.29424.173
MinimumVisualStudioVersion = 10.0.40219.1
Project("{FAE04EC0-301F-11D3-BF4B-00C04F79EFBC}") = "ASPNetApplication", "ASPNetApplication\ASPNetApplication.csproj", "{1CAF687D-0E97-4842-BA5C-166DF7000183}"
EndProject
Global
	GlobalSection(SolutionConfigurationPlatforms) = preSolution
		Debug|Any CPU = Debug|Any CPU
		Release|Any CPU = Release|Any CPU
	EndGlobalSection
	GlobalSection(ProjectConfigurationPlatforms) = postSolution
		{1CAF687D-0E97-4842-BA5C-166DF7000183}.Debug|Any CPU.ActiveCfg = Debug|Any CPU
		{1CAF687D-0E97-4842-BA5C-166DF7000183}.Debug|Any CPU.Build.0 = Debug|Any CPU
		{1CAF687D-0E97-4842-BA5C-166DF7000183}.Release|Any CPU.ActiveCfg = Release|Any CPU
		{1CAF687D-0E97-4842-BA5C-166DF7000183}.Release|Any CPU.Build.0 = Release|Any CPU
	EndGlobalSection
	GlobalSection(SolutionProperties) = preSolution
		HideSolutionNode = FALSE
	EndGlobalSection
	GlobalSection(ExtensibilityGlobals) = postSolution
		SolutionGuid = {7634FE5D-EB59-4429-96AE-CB742FE56E12}
	EndGlobalSection
EndGlobal
